
Microsoft Visual Studio Solution File, Format Version 12.00
# Visual Studio 15
VisualStudioVersion = 15.0.28307.168
MinimumVisualStudioVersion = 10.0.40219.1
Project("{FAE04EC0-301F-11D3-BF4B-00C04F79EFBC}") = "CSharp", "CSharp.csproj", "{7917BD42-F965-4080-AD73-3C7CCA7F2070}"
EndProject
Project("{FAE04EC0-301F-11D3-BF4B-00C04F79EFBC}") = "AlgoTest", "..\AlgoTest\AlgoTest.csproj", "{FED9D72C-E20B-4AE1-AF5C-C3A996C18F0B}"
EndProject
Project("{FAE04EC0-301F-11D3-BF4B-00C04F79EFBC}") = "MacTest", "MacTest\MacTest.csproj", "{D7DDB63B-EC37-4596-965B-9BED0F7BF8C6}"
EndProject
Global
	GlobalSection(SolutionConfigurationPlatforms) = preSolution
		Debug|Any CPU = Debug|Any CPU
		Release|Any CPU = Release|Any CPU
	EndGlobalSection
	GlobalSection(ProjectConfigurationPlatforms) = postSolution
		{7917BD42-F965-4080-AD73-3C7CCA7F2070}.Debug|Any CPU.ActiveCfg = Debug|Any CPU
		{7917BD42-F965-4080-AD73-3C7CCA7F2070}.Debug|Any CPU.Build.0 = Debug|Any CPU
		{7917BD42-F965-4080-AD73-3C7CCA7F2070}.Release|Any CPU.ActiveCfg = Release|Any CPU
		{7917BD42-F965-4080-AD73-3C7CCA7F2070}.Release|Any CPU.Build.0 = Release|Any CPU
		{FED9D72C-E20B-4AE1-AF5C-C3A996C18F0B}.Debug|Any CPU.ActiveCfg = Debug|Any CPU
		{FED9D72C-E20B-4AE1-AF5C-C3A996C18F0B}.Debug|Any CPU.Build.0 = Debug|Any CPU
		{FED9D72C-E20B-4AE1-AF5C-C3A996C18F0B}.Release|Any CPU.ActiveCfg = Release|Any CPU
		{FED9D72C-E20B-4AE1-AF5C-C3A996C18F0B}.Release|Any CPU.Build.0 = Release|Any CPU
		{D7DDB63B-EC37-4596-965B-9BED0F7BF8C6}.Debug|Any CPU.ActiveCfg = Debug|Any CPU
		{D7DDB63B-EC37-4596-965B-9BED0F7BF8C6}.Debug|Any CPU.Build.0 = Debug|Any CPU
		{D7DDB63B-EC37-4596-965B-9BED0F7BF8C6}.Release|Any CPU.ActiveCfg = Release|Any CPU
		{D7DDB63B-EC37-4596-965B-9BED0F7BF8C6}.Release|Any CPU.Build.0 = Release|Any CPU
	EndGlobalSection
	GlobalSection(SolutionProperties) = preSolution
		HideSolutionNode = FALSE
	EndGlobalSection
	GlobalSection(ExtensibilityGlobals) = postSolution
		SolutionGuid = {A5ABD48A-0453-492B-93EA-BFF112B909B6}
	EndGlobalSection
EndGlobal
